// !$*UTF8*$!
{
	archiveVersion = 1;
	classes = {
	};
	objectVersion = 77;
	objects = {

/* Begin PBXContainerItemProxy section */
		D0666F3F2CF43F0B00662955 /* PBXContainerItemProxy */ = {
			isa = PBXContainerItemProxy;
			containerPortal = D0666F202CF43F0900662955 /* Project object */;
			proxyType = 1;
			remoteGlobalIDString = D0666F272CF43F0900662955;
			remoteInfo = "TableViewCollectionView(Movies Collection)";
		};
		D0666F492CF43F0B00662955 /* PBXContainerItemProxy */ = {
			isa = PBXContainerItemProxy;
			containerPortal = D0666F202CF43F0900662955 /* Project object */;
			proxyType = 1;
			remoteGlobalIDString = D0666F272CF43F0900662955;
			remoteInfo = "TableViewCollectionView(Movies Collection)";
		};
/* End PBXContainerItemProxy section */

/* Begin PBXFileReference section */
		D0666F282CF43F0900662955 /* TableViewCollectionView(Movies Collection).app */ = {isa = PBXFileReference; explicitFileType = wrapper.application; includeInIndex = 0; path = "TableViewCollectionView(Movies Collection).app"; sourceTree = BUILT_PRODUCTS_DIR; };
		D0666F3E2CF43F0B00662955 /* TableViewCollectionView(Movies Collection)Tests.xctest */ = {isa = PBXFileReference; explicitFileType = wrapper.cfbundle; includeInIndex = 0; path = "TableViewCollectionView(Movies Collection)Tests.xctest"; sourceTree = BUILT_PRODUCTS_DIR; };
		D0666F482CF43F0B00662955 /* TableViewCollectionView(Movies Collection)UITests.xctest */ = {isa = PBXFileReference; explicitFileType = wrapper.cfbundle; includeInIndex = 0; path = "TableViewCollectionView(Movies Collection)UITests.xctest"; sourceTree = BUILT_PRODUCTS_DIR; };
/* End PBXFileReference section */

/* Begin PBXFileSystemSynchronizedBuildFileExceptionSet section */
		D0666F502CF43F0B00662955 /* Exceptions for "TableViewCollectionView(Movies Collection)" folder in "TableViewCollectionView(Movies Collection)" target */ = {
			isa = PBXFileSystemSynchronizedBuildFileExceptionSet;
			membershipExceptions = (
				Info.plist,
			);
			target = D0666F272CF43F0900662955 /* TableViewCollectionView(Movies Collection) */;
		};
/* End PBXFileSystemSynchronizedBuildFileExceptionSet section */

/* Begin PBXFileSystemSynchronizedRootGroup section */
		D0666F2A2CF43F0900662955 /* TableViewCollectionView(Movies Collection) */ = {
			isa = PBXFileSystemSynchronizedRootGroup;
			exceptions = (
				D0666F502CF43F0B00662955 /* Exceptions for "TableViewCollectionView(Movies Collection)" folder in "TableViewCollectionView(Movies Collection)" target */,
			);
			path = "TableViewCollectionView(Movies Collection)";
			sourceTree = "<group>";
		};
		D0666F412CF43F0B00662955 /* TableViewCollectionView(Movies Collection)Tests */ = {
			isa = PBXFileSystemSynchronizedRootGroup;
			path = "TableViewCollectionView(Movies Collection)Tests";
			sourceTree = "<group>";
		};
		D0666F4B2CF43F0B00662955 /* TableViewCollectionView(Movies Collection)UITests */ = {
			isa = PBXFileSystemSynchronizedRootGroup;
			path = "TableViewCollectionView(Movies Collection)UITests";
			sourceTree = "<group>";
		};
/* End PBXFileSystemSynchronizedRootGroup section */

/* Begin PBXFrameworksBuildPhase section */
		D0666F252CF43F0900662955 /* Frameworks */ = {
			isa = PBXFrameworksBuildPhase;
			buildActionMask = 2147483647;
			files = (
			);
			runOnlyForDeploymentPostprocessing = 0;
		};
		D0666F3B2CF43F0B00662955 /* Frameworks */ = {
			isa = PBXFrameworksBuildPhase;
			buildActionMask = 2147483647;
			files = (
			);
			runOnlyForDeploymentPostprocessing = 0;
		};
		D0666F452CF43F0B00662955 /* Frameworks */ = {
			isa = PBXFrameworksBuildPhase;
			buildActionMask = 2147483647;
			files = (
			);
			runOnlyForDeploymentPostprocessing = 0;
		};
/* End PBXFrameworksBuildPhase section */

/* Begin PBXGroup section */
		D0666F1F2CF43F0900662955 = {
			isa = PBXGroup;
			children = (
				D0666F2A2CF43F0900662955 /* TableViewCollectionView(Movies Collection) */,
				D0666F412CF43F0B00662955 /* TableViewCollectionView(Movies Collection)Tests */,
				D0666F4B2CF43F0B00662955 /* TableViewCollectionView(Movies Collection)UITests */,
				D0666F292CF43F0900662955 /* Products */,
			);
			sourceTree = "<group>";
		};
		D0666F292CF43F0900662955 /* Products */ = {
			isa = PBXGroup;
			children = (
				D0666F282CF43F0900662955 /* TableViewCollectionView(Movies Collection).app */,
				D0666F3E2CF43F0B00662955 /* TableViewCollectionView(Movies Collection)Tests.xctest */,
				D0666F482CF43F0B00662955 /* TableViewCollectionView(Movies Collection)UITests.xctest */,
			);
			name = Products;
			sourceTree = "<group>";
		};
/* End PBXGroup section */

/* Begin PBXNativeTarget section */
		D0666F272CF43F0900662955 /* TableViewCollectionView(Movies Collection) */ = {
			isa = PBXNativeTarget;
			buildConfigurationList = D0666F512CF43F0B00662955 /* Build configuration list for PBXNativeTarget "TableViewCollectionView(Movies Collection)" */;
			buildPhases = (
				D0666F242CF43F0900662955 /* Sources */,
				D0666F252CF43F0900662955 /* Frameworks */,
				D0666F262CF43F0900662955 /* Resources */,
			);
			buildRules = (
			);
			dependencies = (
			);
			fileSystemSynchronizedGroups = (
				D0666F2A2CF43F0900662955 /* TableViewCollectionView(Movies Collection) */,
			);
			name = "TableViewCollectionView(Movies Collection)";
			packageProductDependencies = (
			);
			productName = "TableViewCollectionView(Movies Collection)";
			productReference = D0666F282CF43F0900662955 /* TableViewCollectionView(Movies Collection).app */;
			productType = "com.apple.product-type.application";
		};
		D0666F3D2CF43F0B00662955 /* TableViewCollectionView(Movies Collection)Tests */ = {
			isa = PBXNativeTarget;
			buildConfigurationList = D0666F562CF43F0B00662955 /* Build configuration list for PBXNativeTarget "TableViewCollectionView(Movies Collection)Tests" */;
			buildPhases = (
				D0666F3A2CF43F0B00662955 /* Sources */,
				D0666F3B2CF43F0B00662955 /* Frameworks */,
				D0666F3C2CF43F0B00662955 /* Resources */,
			);
			buildRules = (
			);
			dependencies = (
				D0666F402CF43F0B00662955 /* PBXTargetDependency */,
			);
			fileSystemSynchronizedGroups = (
				D0666F412CF43F0B00662955 /* TableViewCollectionView(Movies Collection)Tests */,
			);
			name = "TableViewCollectionView(Movies Collection)Tests";
			packageProductDependencies = (
			);
			productName = "TableViewCollectionView(Movies Collection)Tests";
			productReference = D0666F3E2CF43F0B00662955 /* TableViewCollectionView(Movies Collection)Tests.xctest */;
			productType = "com.apple.product-type.bundle.unit-test";
		};
		D0666F472CF43F0B00662955 /* TableViewCollectionView(Movies Collection)UITests */ = {
			isa = PBXNativeTarget;
			buildConfigurationList = D0666F592CF43F0B00662955 /* Build configuration list for PBXNativeTarget "TableViewCollectionView(Movies Collection)UITests" */;
			buildPhases = (
				D0666F442CF43F0B00662955 /* Sources */,
				D0666F452CF43F0B00662955 /* Frameworks */,
				D0666F462CF43F0B00662955 /* Resources */,
			);
			buildRules = (
			);
			dependencies = (
				D0666F4A2CF43F0B00662955 /* PBXTargetDependency */,
			);
			fileSystemSynchronizedGroups = (
				D0666F4B2CF43F0B00662955 /* TableViewCollectionView(Movies Collection)UITests */,
			);
			name = "TableViewCollectionView(Movies Collection)UITests";
			packageProductDependencies = (
			);
			productName = "TableViewCollectionView(Movies Collection)UITests";
			productReference = D0666F482CF43F0B00662955 /* TableViewCollectionView(Movies Collection)UITests.xctest */;
			productType = "com.apple.product-type.bundle.ui-testing";
		};
/* End PBXNativeTarget section */

/* Begin PBXProject section */
		D0666F202CF43F0900662955 /* Project object */ = {
			isa = PBXProject;
			attributes = {
				BuildIndependentTargetsInParallel = 1;
				LastSwiftUpdateCheck = 1610;
				LastUpgradeCheck = 1610;
				TargetAttributes = {
					D0666F272CF43F0900662955 = {
						CreatedOnToolsVersion = 16.1;
					};
					D0666F3D2CF43F0B00662955 = {
						CreatedOnToolsVersion = 16.1;
						TestTargetID = D0666F272CF43F0900662955;
					};
					D0666F472CF43F0B00662955 = {
						CreatedOnToolsVersion = 16.1;
						TestTargetID = D0666F272CF43F0900662955;
					};
				};
			};
			buildConfigurationList = D0666F232CF43F0900662955 /* Build configuration list for PBXProject "TableViewCollectionView(Movies Collection)" */;
			developmentRegion = en;
			hasScannedForEncodings = 0;
			knownRegions = (
				en,
				Base,
			);
			mainGroup = D0666F1F2CF43F0900662955;
			minimizedProjectReferenceProxies = 1;
			preferredProjectObjectVersion = 77;
			productRefGroup = D0666F292CF43F0900662955 /* Products */;
			projectDirPath = "";
			projectRoot = "";
			targets = (
				D0666F272CF43F0900662955 /* TableViewCollectionView(Movies Collection) */,
				D0666F3D2CF43F0B00662955 /* TableViewCollectionView(Movies Collection)Tests */,
				D0666F472CF43F0B00662955 /* TableViewCollectionView(Movies Collection)UITests */,
			);
		};
/* End PBXProject section */

/* Begin PBXResourcesBuildPhase section */
		D0666F262CF43F0900662955 /* Resources */ = {
			isa = PBXResourcesBuildPhase;
			buildActionMask = 2147483647;
			files = (
			);
			runOnlyForDeploymentPostprocessing = 0;
		};
		D0666F3C2CF43F0B00662955 /* Resources */ = {
			isa = PBXResourcesBuildPhase;
			buildActionMask = 2147483647;
			files = (
			);
			runOnlyForDeploymentPostprocessing = 0;
		};
		D0666F462CF43F0B00662955 /* Resources */ = {
			isa = PBXResourcesBuildPhase;
			buildActionMask = 2147483647;
			files = (
			);
			runOnlyForDeploymentPostprocessing = 0;
		};
/* End PBXResourcesBuildPhase section */

/* Begin PBXSourcesBuildPhase section */
		D0666F242CF43F0900662955 /* Sources */ = {
			isa = PBXSourcesBuildPhase;
			buildActionMask = 2147483647;
			files = (
			);
			runOnlyForDeploymentPostprocessing = 0;
		};
		D0666F3A2CF43F0B00662955 /* Sources */ = {
			isa = PBXSourcesBuildPhase;
			buildActionMask = 2147483647;
			files = (
			);
			runOnlyForDeploymentPostprocessing = 0;
		};
		D0666F442CF43F0B00662955 /* Sources */ = {
			isa = PBXSourcesBuildPhase;
			buildActionMask = 2147483647;
			files = (
			);
			runOnlyForDeploymentPostprocessing = 0;
		};
/* End PBXSourcesBuildPhase section */

/* Begin PBXTargetDependency section */
		D0666F402CF43F0B00662955 /* PBXTargetDependency */ = {
			isa = PBXTargetDependency;
			target = D0666F272CF43F0900662955 /* TableViewCollectionView(Movies Collection) */;
			targetProxy = D0666F3F2CF43F0B00662955 /* PBXContainerItemProxy */;
		};
		D0666F4A2CF43F0B00662955 /* PBXTargetDependency */ = {
			isa = PBXTargetDependency;
			target = D0666F272CF43F0900662955 /* TableViewCollectionView(Movies Collection) */;
			targetProxy = D0666F492CF43F0B00662955 /* PBXContainerItemProxy */;
		};
/* End PBXTargetDependency section */

/* Begin XCBuildConfiguration section */
		D0666F522CF43F0B00662955 /* Debug */ = {
			isa = XCBuildConfiguration;
			buildSettings = {
				ASSETCATALOG_COMPILER_APPICON_NAME = AppIcon;
				ASSETCATALOG_COMPILER_GLOBAL_ACCENT_COLOR_NAME = AccentColor;
				CODE_SIGN_STYLE = Automatic;
				CURRENT_PROJECT_VERSION = 1;
				GENERATE_INFOPLIST_FILE = YES;
				INFOPLIST_FILE = "TableViewCollectionView(Movies Collection)/Info.plist";
				INFOPLIST_KEY_UIApplicationSupportsIndirectInputEvents = YES;
				INFOPLIST_KEY_UILaunchStoryboardName = LaunchScreen;
				INFOPLIST_KEY_UIMainStoryboardFile = Main;
				INFOPLIST_KEY_UISupportedInterfaceOrientations_iPad = "UIInterfaceOrientationPortrait UIInterfaceOrientationPortraitUpsideDown UIInterfaceOrientationLandscapeLeft UIInterfaceOrientationLandscapeRight";
				INFOPLIST_KEY_UISupportedInterfaceOrientations_iPhone = "UIInterfaceOrientationPortrait UIInterfaceOrientationLandscapeLeft UIInterfaceOrientationLandscapeRight";
				LD_RUNPATH_SEARCH_PATHS = (
					"$(inherited)",
					"@executable_path/Frameworks",
				);
				MARKETING_VERSION = 1.0;
				PRODUCT_BUNDLE_IDENTIFIER = "com.elexoft.TableViewCollectionView-Movies-Collection-";
				PRODUCT_NAME = "$(TARGET_NAME)";
				SWIFT_EMIT_LOC_STRINGS = YES;
				SWIFT_VERSION = 5.0;
				TARGETED_DEVICE_FAMILY = "1,2";
			};
			name = Debug;
		};
		D0666F532CF43F0B00662955 /* Release */ = {
			isa = XCBuildConfiguration;
			buildSettings = {
				ASSETCATALOG_COMPILER_APPICON_NAME = AppIcon;
				ASSETCATALOG_COMPILER_GLOBAL_ACCENT_COLOR_NAME = AccentColor;
				CODE_SIGN_STYLE = Automatic;
				CURRENT_PROJECT_VERSION = 1;
				GENERATE_INFOPLIST_FILE = YES;
				INFOPLIST_FILE = "TableViewCollectionView(Movies Collection)/Info.plist";
				INFOPLIST_KEY_UIApplicationSupportsIndirectInputEvents = YES;
				INFOPLIST_KEY_UILaunchStoryboardName = LaunchScreen;
				INFOPLIST_KEY_UIMainStoryboardFile = Main;
				INFOPLIST_KEY_UISupportedInterfaceOrientations_iPad = "UIInterfaceOrientationPortrait UIInterfaceOrientationPortraitUpsideDown UIInterfaceOrientationLandscapeLeft UIInterfaceOrientationLandscapeRight";
				INFOPLIST_KEY_UISupportedInterfaceOrientations_iPhone = "UIInterfaceOrientationPortrait UIInterfaceOrientationLandscapeLeft UIInterfaceOrientationLandscapeRight";
				LD_RUNPATH_SEARCH_PATHS = (
					"$(inherited)",
					"@executable_path/Frameworks",
				);
				MARKETING_VERSION = 1.0;
				PRODUCT_BUNDLE_IDENTIFIER = "com.elexoft.TableViewCollectionView-Movies-Collection-";
				PRODUCT_NAME = "$(TARGET_NAME)";
				SWIFT_EMIT_LOC_STRINGS = YES;
				SWIFT_VERSION = 5.0;
				TARGETED_DEVICE_FAMILY = "1,2";
			};
			name = Release;
		};
		D0666F542CF43F0B00662955 /* Debug */ = {
			isa = XCBuildConfiguration;
			buildSettings = {
				ALWAYS_SEARCH_USER_PATHS = NO;
				ASSETCATALOG_COMPILER_GENERATE_SWIFT_ASSET_SYMBOL_EXTENSIONS = YES;
				CLANG_ANALYZER_NONNULL = YES;
				CLANG_ANALYZER_NUMBER_OBJECT_CONVERSION = YES_AGGRESSIVE;
				CLANG_CXX_LANGUAGE_STANDARD = "gnu++20";
				CLANG_ENABLE_MODULES = YES;
				CLANG_ENABLE_OBJC_ARC = YES;
				CLANG_ENABLE_OBJC_WEAK = YES;
				CLANG_WARN_BLOCK_CAPTURE_AUTORELEASING = YES;
				CLANG_WARN_BOOL_CONVERSION = YES;
				CLANG_WARN_COMMA = YES;
				CLANG_WARN_CONSTANT_CONVERSION = YES;
				CLANG_WARN_DEPRECATED_OBJC_IMPLEMENTATIONS = YES;
				CLANG_WARN_DIRECT_OBJC_ISA_USAGE = YES_ERROR;
				CLANG_WARN_DOCUMENTATION_COMMENTS = YES;
				CLANG_WARN_EMPTY_BODY = YES;
				CLANG_WARN_ENUM_CONVERSION = YES;
				CLANG_WARN_INFINITE_RECURSION = YES;
				CLANG_WARN_INT_CONVERSION = YES;
				CLANG_WARN_NON_LITERAL_NULL_CONVERSION = YES;
				CLANG_WARN_OBJC_IMPLICIT_RETAIN_SELF = YES;
				CLANG_WARN_OBJC_LITERAL_CONVERSION = YES;
				CLANG_WARN_OBJC_ROOT_CLASS = YES_ERROR;
				CLANG_WARN_QUOTED_INCLUDE_IN_FRAMEWORK_HEADER = YES;
				CLANG_WARN_RANGE_LOOP_ANALYSIS = YES;
				CLANG_WARN_STRICT_PROTOTYPES = YES;
				CLANG_WARN_SUSPICIOUS_MOVE = YES;
				CLANG_WARN_UNGUARDED_AVAILABILITY = YES_AGGRESSIVE;
				CLANG_WARN_UNREACHABLE_CODE = YES;
				CLANG_WARN__DUPLICATE_METHOD_MATCH = YES;
				COPY_PHASE_STRIP = NO;
				DEBUG_INFORMATION_FORMAT = dwarf;
				ENABLE_STRICT_OBJC_MSGSEND = YES;
				ENABLE_TESTABILITY = YES;
				ENABLE_USER_SCRIPT_SANDBOXING = YES;
				GCC_C_LANGUAGE_STANDARD = gnu17;
				GCC_DYNAMIC_NO_PIC = NO;
				GCC_NO_COMMON_BLOCKS = YES;
				GCC_OPTIMIZATION_LEVEL = 0;
				GCC_PREPROCESSOR_DEFINITIONS = (
					"DEBUG=1",
					"$(inherited)",
				);
				GCC_WARN_64_TO_32_BIT_CONVERSION = YES;
				GCC_WARN_ABOUT_RETURN_TYPE = YES_ERROR;
				GCC_WARN_UNDECLARED_SELECTOR = YES;
				GCC_WARN_UNINITIALIZED_AUTOS = YES_AGGRESSIVE;
				GCC_WARN_UNUSED_FUNCTION = YES;
				GCC_WARN_UNUSED_VARIABLE = YES;
				IPHONEOS_DEPLOYMENT_TARGET = 18.1;
				LOCALIZATION_PREFERS_STRING_CATALOGS = YES;
				MTL_ENABLE_DEBUG_INFO = INCLUDE_SOURCE;
				MTL_FAST_MATH = YES;
				ONLY_ACTIVE_ARCH = YES;
				SDKROOT = iphoneos;
				SWIFT_ACTIVE_COMPILATION_CONDITIONS = "DEBUG $(inherited)";
				SWIFT_OPTIMIZATION_LEVEL = "-Onone";
			};
			name = Debug;
		};
		D0666F552CF43F0B00662955 /* Release */ = {
			isa = XCBuildConfiguration;
			buildSettings = {
				ALWAYS_SEARCH_USER_PATHS = NO;
				ASSETCATALOG_COMPILER_GENERATE_SWIFT_ASSET_SYMBOL_EXTENSIONS = YES;
				CLANG_ANALYZER_NONNULL = YES;
				CLANG_ANALYZER_NUMBER_OBJECT_CONVERSION = YES_AGGRESSIVE;
				CLANG_CXX_LANGUAGE_STANDARD = "gnu++20";
				CLANG_ENABLE_MODULES = YES;
				CLANG_ENABLE_OBJC_ARC = YES;
				CLANG_ENABLE_OBJC_WEAK = YES;
				CLANG_WARN_BLOCK_CAPTURE_AUTORELEASING = YES;
				CLANG_WARN_BOOL_CONVERSION = YES;
				CLANG_WARN_COMMA = YES;
				CLANG_WARN_CONSTANT_CONVERSION = YES;
				CLANG_WARN_DEPRECATED_OBJC_IMPLEMENTATIONS = YES;
				CLANG_WARN_DIRECT_OBJC_ISA_USAGE = YES_ERROR;
				CLANG_WARN_DOCUMENTATION_COMMENTS = YES;
				CLANG_WARN_EMPTY_BODY = YES;
				CLANG_WARN_ENUM_CONVERSION = YES;
				CLANG_WARN_INFINITE_RECURSION = YES;
				CLANG_WARN_INT_CONVERSION = YES;
				CLANG_WARN_NON_LITERAL_NULL_CONVERSION = YES;
				CLANG_WARN_OBJC_IMPLICIT_RETAIN_SELF = YES;
				CLANG_WARN_OBJC_LITERAL_CONVERSION = YES;
				CLANG_WARN_OBJC_ROOT_CLASS = YES_ERROR;
				CLANG_WARN_QUOTED_INCLUDE_IN_FRAMEWORK_HEADER = YES;
				CLANG_WARN_RANGE_LOOP_ANALYSIS = YES;
				CLANG_WARN_STRICT_PROTOTYPES = YES;
				CLANG_WARN_SUSPICIOUS_MOVE = YES;
				CLANG_WARN_UNGUARDED_AVAILABILITY = YES_AGGRESSIVE;
				CLANG_WARN_UNREACHABLE_CODE = YES;
				CLANG_WARN__DUPLICATE_METHOD_MATCH = YES;
				COPY_PHASE_STRIP = NO;
				DEBUG_INFORMATION_FORMAT = "dwarf-with-dsym";
				ENABLE_NS_ASSERTIONS = NO;
				ENABLE_STRICT_OBJC_MSGSEND = YES;
				ENABLE_USER_SCRIPT_SANDBOXING = YES;
				GCC_C_LANGUAGE_STANDARD = gnu17;
				GCC_NO_COMMON_BLOCKS = YES;
				GCC_WARN_64_TO_32_BIT_CONVERSION = YES;
				GCC_WARN_ABOUT_RETURN_TYPE = YES_ERROR;
				GCC_WARN_UNDECLARED_SELECTOR = YES;
				GCC_WARN_UNINITIALIZED_AUTOS = YES_AGGRESSIVE;
				GCC_WARN_UNUSED_FUNCTION = YES;
				GCC_WARN_UNUSED_VARIABLE = YES;
				IPHONEOS_DEPLOYMENT_TARGET = 18.1;
				LOCALIZATION_PREFERS_STRING_CATALOGS = YES;
				MTL_ENABLE_DEBUG_INFO = NO;
				MTL_FAST_MATH = YES;
				SDKROOT = iphoneos;
				SWIFT_COMPILATION_MODE = wholemodule;
				VALIDATE_PRODUCT = YES;
			};
			name = Release;
		};
		D0666F572CF43F0B00662955 /* Debug */ = {
			isa = XCBuildConfiguration;
			buildSettings = {
				BUNDLE_LOADER = "$(TEST_HOST)";
				CODE_SIGN_STYLE = Automatic;
				CURRENT_PROJECT_VERSION = 1;
				GENERATE_INFOPLIST_FILE = YES;
				IPHONEOS_DEPLOYMENT_TARGET = 18.1;
				MARKETING_VERSION = 1.0;
				PRODUCT_BUNDLE_IDENTIFIER = "com.elexoft.TableViewCollectionView-Movies-Collection-Tests";
				PRODUCT_NAME = "$(TARGET_NAME)";
				SWIFT_EMIT_LOC_STRINGS = NO;
				SWIFT_VERSION = 5.0;
				TARGETED_DEVICE_FAMILY = "1,2";
				TEST_HOST = "$(BUILT_PRODUCTS_DIR)/TableViewCollectionView(Movies Collection).app/$(BUNDLE_EXECUTABLE_FOLDER_PATH)/TableViewCollectionView(Movies Collection)";
			};
			name = Debug;
		};
		D0666F582CF43F0B00662955 /* Release */ = {
			isa = XCBuildConfiguration;
			buildSettings = {
				BUNDLE_LOADER = "$(TEST_HOST)";
				CODE_SIGN_STYLE = Automatic;
				CURRENT_PROJECT_VERSION = 1;
				GENERATE_INFOPLIST_FILE = YES;
				IPHONEOS_DEPLOYMENT_TARGET = 18.1;
				MARKETING_VERSION = 1.0;
				PRODUCT_BUNDLE_IDENTIFIER = "com.elexoft.TableViewCollectionView-Movies-Collection-Tests";
				PRODUCT_NAME = "$(TARGET_NAME)";
				SWIFT_EMIT_LOC_STRINGS = NO;
				SWIFT_VERSION = 5.0;
				TARGETED_DEVICE_FAMILY = "1,2";
				TEST_HOST = "$(BUILT_PRODUCTS_DIR)/TableViewCollectionView(Movies Collection).app/$(BUNDLE_EXECUTABLE_FOLDER_PATH)/TableViewCollectionView(Movies Collection)";
			};
			name = Release;
		};
		D0666F5A2CF43F0B00662955 /* Debug */ = {
			isa = XCBuildConfiguration;
			buildSettings = {
				CODE_SIGN_STYLE = Automatic;
				CURRENT_PROJECT_VERSION = 1;
				GENERATE_INFOPLIST_FILE = YES;
				MARKETING_VERSION = 1.0;
				PRODUCT_BUNDLE_IDENTIFIER = "com.elexoft.TableViewCollectionView-Movies-Collection-UITests";
				PRODUCT_NAME = "$(TARGET_NAME)";
				SWIFT_EMIT_LOC_STRINGS = NO;
				SWIFT_VERSION = 5.0;
				TARGETED_DEVICE_FAMILY = "1,2";
				TEST_TARGET_NAME = "TableViewCollectionView(Movies Collection)";
			};
			name = Debug;
		};
		D0666F5B2CF43F0B00662955 /* Release */ = {
			isa = XCBuildConfiguration;
			buildSettings = {
				CODE_SIGN_STYLE = Automatic;
				CURRENT_PROJECT_VERSION = 1;
				GENERATE_INFOPLIST_FILE = YES;
				MARKETING_VERSION = 1.0;
				PRODUCT_BUNDLE_IDENTIFIER = "com.elexoft.TableViewCollectionView-Movies-Collection-UITests";
				PRODUCT_NAME = "$(TARGET_NAME)";
				SWIFT_EMIT_LOC_STRINGS = NO;
				SWIFT_VERSION = 5.0;
				TARGETED_DEVICE_FAMILY = "1,2";
				TEST_TARGET_NAME = "TableViewCollectionView(Movies Collection)";
			};
			name = Release;
		};
/* End XCBuildConfiguration section */

/* Begin XCConfigurationList section */
		D0666F232CF43F0900662955 /* Build configuration list for PBXProject "TableViewCollectionView(Movies Collection)" */ = {
			isa = XCConfigurationList;
			buildConfigurations = (
				D0666F542CF43F0B00662955 /* Debug */,
				D0666F552CF43F0B00662955 /* Release */,
			);
			defaultConfigurationIsVisible = 0;
			defaultConfigurationName = Release;
		};
		D0666F512CF43F0B00662955 /* Build configuration list for PBXNativeTarget "TableViewCollectionView(Movies Collection)" */ = {
			isa = XCConfigurationList;
			buildConfigurations = (
				D0666F522CF43F0B00662955 /* Debug */,
				D0666F532CF43F0B00662955 /* Release */,
			);
			defaultConfigurationIsVisible = 0;
			defaultConfigurationName = Release;
		};
		D0666F562CF43F0B00662955 /* Build configuration list for PBXNativeTarget "TableViewCollectionView(Movies Collection)Tests" */ = {
			isa = XCConfigurationList;
			buildConfigurations = (
				D0666F572CF43F0B00662955 /* Debug */,
				D0666F582CF43F0B00662955 /* Release */,
			);
			defaultConfigurationIsVisible = 0;
			defaultConfigurationName = Release;
		};
		D0666F592CF43F0B00662955 /* Build configuration list for PBXNativeTarget "TableViewCollectionView(Movies Collection)UITests" */ = {
			isa = XCConfigurationList;
			buildConfigurations = (
				D0666F5A2CF43F0B00662955 /* Debug */,
				D0666F5B2CF43F0B00662955 /* Release */,
			);
			defaultConfigurationIsVisible = 0;
			defaultConfigurationName = Release;
		};
/* End XCConfigurationList section */
	};
	rootObject = D0666F202CF43F0900662955 /* Project object */;
}
